// !$*UTF8*$!
{
	archiveVersion = 1;
	classes = {
	};
	objectVersion = 50;
	objects = {

/* Begin PBXBuildFile section */
		18E79D0D22F1D7B600B09181 /* AppDelegate.swift in Sources */ = {isa = PBXBuildFile; fileRef = 18E79D0C22F1D7B600B09181 /* AppDelegate.swift */; };
		18E79D0F22F1D7B600B09181 /* ViewController.swift in Sources */ = {isa = PBXBuildFile; fileRef = 18E79D0E22F1D7B600B09181 /* ViewController.swift */; };
		18E79D1222F1D7B600B09181 /* Main.storyboard in Resources */ = {isa = PBXBuildFile; fileRef = 18E79D1022F1D7B600B09181 /* Main.storyboard */; };
		18E79D1522F1D7B600B09181 /* Strings.xcdatamodeld in Sources */ = {isa = PBXBuildFile; fileRef = 18E79D1322F1D7B600B09181 /* Strings.xcdatamodeld */; };
		18E79D1722F1D7B800B09181 /* Assets.xcassets in Resources */ = {isa = PBXBuildFile; fileRef = 18E79D1622F1D7B800B09181 /* Assets.xcassets */; };
		18E79D1A22F1D7B800B09181 /* LaunchScreen.storyboard in Resources */ = {isa = PBXBuildFile; fileRef = 18E79D1822F1D7B800B09181 /* LaunchScreen.storyboard */; };
		18E79D2222F22BC200B09181 /* MessagesTableViewController.swift in Sources */ = {isa = PBXBuildFile; fileRef = 18E79D2122F22BC200B09181 /* MessagesTableViewController.swift */; };
/* End PBXBuildFile section */

/* Begin PBXFileReference section */
		18E79D0922F1D7B600B09181 /* Strings.app */ = {isa = PBXFileReference; explicitFileType = wrapper.application; includeInIndex = 0; path = Strings.app; sourceTree = BUILT_PRODUCTS_DIR; };
		18E79D0C22F1D7B600B09181 /* AppDelegate.swift */ = {isa = PBXFileReference; lastKnownFileType = sourcecode.swift; path = AppDelegate.swift; sourceTree = "<group>"; };
		18E79D0E22F1D7B600B09181 /* ViewController.swift */ = {isa = PBXFileReference; lastKnownFileType = sourcecode.swift; path = ViewController.swift; sourceTree = "<group>"; };
		18E79D1122F1D7B600B09181 /* Base */ = {isa = PBXFileReference; lastKnownFileType = file.storyboard; name = Base; path = Base.lproj/Main.storyboard; sourceTree = "<group>"; };
		18E79D1422F1D7B600B09181 /* Strings.xcdatamodel */ = {isa = PBXFileReference; lastKnownFileType = wrapper.xcdatamodel; path = Strings.xcdatamodel; sourceTree = "<group>"; };
		18E79D1622F1D7B800B09181 /* Assets.xcassets */ = {isa = PBXFileReference; lastKnownFileType = folder.assetcatalog; path = Assets.xcassets; sourceTree = "<group>"; };
		18E79D1922F1D7B800B09181 /* Base */ = {isa = PBXFileReference; lastKnownFileType = file.storyboard; name = Base; path = Base.lproj/LaunchScreen.storyboard; sourceTree = "<group>"; };
		18E79D1B22F1D7B800B09181 /* Info.plist */ = {isa = PBXFileReference; lastKnownFileType = text.plist.xml; path = Info.plist; sourceTree = "<group>"; };
		18E79D2122F22BC200B09181 /* MessagesTableViewController.swift */ = {isa = PBXFileReference; lastKnownFileType = sourcecode.swift; path = MessagesTableViewController.swift; sourceTree = "<group>"; };
/* End PBXFileReference section */

/* Begin PBXFrameworksBuildPhase section */
		18E79D0622F1D7B600B09181 /* Frameworks */ = {
			isa = PBXFrameworksBuildPhase;
			buildActionMask = 2147483647;
			files = (
			);
			runOnlyForDeploymentPostprocessing = 0;
		};
/* End PBXFrameworksBuildPhase section */

/* Begin PBXGroup section */
		18E79D0022F1D7B600B09181 = {
			isa = PBXGroup;
			children = (
				18E79D0B22F1D7B600B09181 /* Strings */,
				18E79D0A22F1D7B600B09181 /* Products */,
			);
			sourceTree = "<group>";
		};
		18E79D0A22F1D7B600B09181 /* Products */ = {
			isa = PBXGroup;
			children = (
				18E79D0922F1D7B600B09181 /* Strings.app */,
			);
			name = Products;
			sourceTree = "<group>";
		};
		18E79D0B22F1D7B600B09181 /* Strings */ = {
			isa = PBXGroup;
			children = (
				18E79D0C22F1D7B600B09181 /* AppDelegate.swift */,
				18E79D0E22F1D7B600B09181 /* ViewController.swift */,
				18E79D1022F1D7B600B09181 /* Main.storyboard */,
				18E79D1622F1D7B800B09181 /* Assets.xcassets */,
				18E79D1822F1D7B800B09181 /* LaunchScreen.storyboard */,
				18E79D1B22F1D7B800B09181 /* Info.plist */,
				18E79D1322F1D7B600B09181 /* Strings.xcdatamodeld */,
				18E79D2122F22BC200B09181 /* MessagesTableViewController.swift */,
			);
			path = Strings;
			sourceTree = "<group>";
		};
/* End PBXGroup section */

/* Begin PBXNativeTarget section */
		18E79D0822F1D7B600B09181 /* Strings */ = {
			isa = PBXNativeTarget;
			buildConfigurationList = 18E79D1E22F1D7B800B09181 /* Build configuration list for PBXNativeTarget "Strings" */;
			buildPhases = (
				18E79D0522F1D7B600B09181 /* Sources */,
				18E79D0622F1D7B600B09181 /* Frameworks */,
				18E79D0722F1D7B600B09181 /* Resources */,
			);
			buildRules = (
			);
			dependencies = (
			);
			name = Strings;
			productName = Strings;
			productReference = 18E79D0922F1D7B600B09181 /* Strings.app */;
			productType = "com.apple.product-type.application";
		};
/* End PBXNativeTarget section */

/* Begin PBXProject section */
		18E79D0122F1D7B600B09181 /* Project object */ = {
			isa = PBXProject;
			attributes = {
				LastSwiftUpdateCheck = 1020;
				LastUpgradeCheck = 1020;
				ORGANIZATIONNAME = "Olympia Elbech";
				TargetAttributes = {
					18E79D0822F1D7B600B09181 = {
						CreatedOnToolsVersion = 10.2.1;
					};
				};
			};
			buildConfigurationList = 18E79D0422F1D7B600B09181 /* Build configuration list for PBXProject "Strings" */;
			compatibilityVersion = "Xcode 9.3";
			developmentRegion = en;
			hasScannedForEncodings = 0;
			knownRegions = (
				en,
				Base,
			);
			mainGroup = 18E79D0022F1D7B600B09181;
			productRefGroup = 18E79D0A22F1D7B600B09181 /* Products */;
			projectDirPath = "";
			projectRoot = "";
			targets = (
				18E79D0822F1D7B600B09181 /* Strings */,
			);
		};
/* End PBXProject section */

/* Begin PBXResourcesBuildPhase section */
		18E79D0722F1D7B600B09181 /* Resources */ = {
			isa = PBXResourcesBuildPhase;
			buildActionMask = 2147483647;
			files = (
				18E79D1A22F1D7B800B09181 /* LaunchScreen.storyboard in Resources */,
				18E79D1722F1D7B800B09181 /* Assets.xcassets in Resources */,
				18E79D1222F1D7B600B09181 /* Main.storyboard in Resources */,
			);
			runOnlyForDeploymentPostprocessing = 0;
		};
/* End PBXResourcesBuildPhase section */

/* Begin PBXSourcesBuildPhase section */
		18E79D0522F1D7B600B09181 /* Sources */ = {
			isa = PBXSourcesBuildPhase;
			buildActionMask = 2147483647;
			files = (
				18E79D1522F1D7B600B09181 /* Strings.xcdatamodeld in Sources */,
				18E79D2222F22BC200B09181 /* MessagesTableViewController.swift in Sources */,
				18E79D0F22F1D7B600B09181 /* ViewController.swift in Sources */,
				18E79D0D22F1D7B600B09181 /* AppDelegate.swift in Sources */,
			);
			runOnlyForDeploymentPostprocessing = 0;
		};
/* End PBXSourcesBuildPhase section */

/* Begin PBXVariantGroup section */
		18E79D1022F1D7B600B09181 /* Main.storyboard */ = {
			isa = PBXVariantGroup;
			children = (
				18E79D1122F1D7B600B09181 /* Base */,
			);
			name = Main.storyboard;
			sourceTree = "<group>";
		};
		18E79D1822F1D7B800B09181 /* LaunchScreen.storyboard */ = {
			isa = PBXVariantGroup;
			children = (
				18E79D1922F1D7B800B09181 /* Base */,
			);
			name = LaunchScreen.storyboard;
			sourceTree = "<group>";
		};
/* End PBXVariantGroup section */

/* Begin XCBuildConfiguration section */
		18E79D1C22F1D7B800B09181 /* Debug */ = {
			isa = XCBuildConfiguration;
			buildSettings = {
				ALWAYS_SEARCH_USER_PATHS = NO;
				CLANG_ANALYZER_NONNULL = YES;
				CLANG_ANALYZER_NUMBER_OBJECT_CONVERSION = YES_AGGRESSIVE;
				CLANG_CXX_LANGUAGE_STANDARD = "gnu++14";
				CLANG_CXX_LIBRARY = "libc++";
				CLANG_ENABLE_MODULES = YES;
				CLANG_ENABLE_OBJC_ARC = YES;
				CLANG_ENABLE_OBJC_WEAK = YES;
				CLANG_WARN_BLOCK_CAPTURE_AUTORELEASING = YES;
				CLANG_WARN_BOOL_CONVERSION = YES;
				CLANG_WARN_COMMA = YES;
				CLANG_WARN_CONSTANT_CONVERSION = YES;
				CLANG_WARN_DEPRECATED_OBJC_IMPLEMENTATIONS = YES;
				CLANG_WARN_DIRECT_OBJC_ISA_USAGE = YES_ERROR;
				CLANG_WARN_DOCUMENTATION_COMMENTS = YES;
				CLANG_WARN_EMPTY_BODY = YES;
				CLANG_WARN_ENUM_CONVERSION = YES;
				CLANG_WARN_INFINITE_RECURSION = YES;
				CLANG_WARN_INT_CONVERSION = YES;
				CLANG_WARN_NON_LITERAL_NULL_CONVERSION = YES;
				CLANG_WARN_OBJC_IMPLICIT_RETAIN_SELF = YES;
				CLANG_WARN_OBJC_LITERAL_CONVERSION = YES;
				CLANG_WARN_OBJC_ROOT_CLASS = YES_ERROR;
				CLANG_WARN_RANGE_LOOP_ANALYSIS = YES;
				CLANG_WARN_STRICT_PROTOTYPES = YES;
				CLANG_WARN_SUSPICIOUS_MOVE = YES;
				CLANG_WARN_UNGUARDED_AVAILABILITY = YES_AGGRESSIVE;
				CLANG_WARN_UNREACHABLE_CODE = YES;
				CLANG_WARN__DUPLICATE_METHOD_MATCH = YES;
				CODE_SIGN_IDENTITY = "iPhone Developer";
				COPY_PHASE_STRIP = NO;
				DEBUG_INFORMATION_FORMAT = dwarf;
				ENABLE_STRICT_OBJC_MSGSEND = YES;
				ENABLE_TESTABILITY = YES;
				GCC_C_LANGUAGE_STANDARD = gnu11;
				GCC_DYNAMIC_NO_PIC = NO;
				GCC_NO_COMMON_BLOCKS = YES;
				GCC_OPTIMIZATION_LEVEL = 0;
				GCC_PREPROCESSOR_DEFINITIONS = (
					"DEBUG=1",
					"$(inherited)",
				);
				GCC_WARN_64_TO_32_BIT_CONVERSION = YES;
				GCC_WARN_ABOUT_RETURN_TYPE = YES_ERROR;
				GCC_WARN_UNDECLARED_SELECTOR = YES;
				GCC_WARN_UNINITIALIZED_AUTOS = YES_AGGRESSIVE;
				GCC_WARN_UNUSED_FUNCTION = YES;
				GCC_WARN_UNUSED_VARIABLE = YES;
				IPHONEOS_DEPLOYMENT_TARGET = 12.2;
				MTL_ENABLE_DEBUG_INFO = INCLUDE_SOURCE;
				MTL_FAST_MATH = YES;
				ONLY_ACTIVE_ARCH = YES;
				SDKROOT = iphoneos;
				SWIFT_ACTIVE_COMPILATION_CONDITIONS = DEBUG;
				SWIFT_OPTIMIZATION_LEVEL = "-Onone";
			};
			name = Debug;
		};
		18E79D1D22F1D7B800B09181 /* Release */ = {
			isa = XCBuildConfiguration;
			buildSettings = {
				ALWAYS_SEARCH_USER_PATHS = NO;
				CLANG_ANALYZER_NONNULL = YES;
				CLANG_ANALYZER_NUMBER_OBJECT_CONVERSION = YES_AGGRESSIVE;
				CLANG_CXX_LANGUAGE_STANDARD = "gnu++14";
				CLANG_CXX_LIBRARY = "libc++";
				CLANG_ENABLE_MODULES = YES;
				CLANG_ENABLE_OBJC_ARC = YES;
				CLANG_ENABLE_OBJC_WEAK = YES;
				CLANG_WARN_BLOCK_CAPTURE_AUTORELEASING = YES;
				CLANG_WARN_BOOL_CONVERSION = YES;
				CLANG_WARN_COMMA = YES;
				CLANG_WARN_CONSTANT_CONVERSION = YES;
				CLANG_WARN_DEPRECATED_OBJC_IMPLEMENTATIONS = YES;
				CLANG_WARN_DIRECT_OBJC_ISA_USAGE = YES_ERROR;
				CLANG_WARN_DOCUMENTATION_COMMENTS = YES;
				CLANG_WARN_EMPTY_BODY = YES;
				CLANG_WARN_ENUM_CONVERSION = YES;
				CLANG_WARN_INFINITE_RECURSION = YES;
				CLANG_WARN_INT_CONVERSION = YES;
				CLANG_WARN_NON_LITERAL_NULL_CONVERSION = YES;
				CLANG_WARN_OBJC_IMPLICIT_RETAIN_SELF = YES;
				CLANG_WARN_OBJC_LITERAL_CONVERSION = YES;
				CLANG_WARN_OBJC_ROOT_CLASS = YES_ERROR;
				CLANG_WARN_RANGE_LOOP_ANALYSIS = YES;
				CLANG_WARN_STRICT_PROTOTYPES = YES;
				CLANG_WARN_SUSPICIOUS_MOVE = YES;
				CLANG_WARN_UNGUARDED_AVAILABILITY = YES_AGGRESSIVE;
				CLANG_WARN_UNREACHABLE_CODE = YES;
				CLANG_WARN__DUPLICATE_METHOD_MATCH = YES;
				CODE_SIGN_IDENTITY = "iPhone Developer";
				COPY_PHASE_STRIP = NO;
				DEBUG_INFORMATION_FORMAT = "dwarf-with-dsym";
				ENABLE_NS_ASSERTIONS = NO;
				ENABLE_STRICT_OBJC_MSGSEND = YES;
				GCC_C_LANGUAGE_STANDARD = gnu11;
				GCC_NO_COMMON_BLOCKS = YES;
				GCC_WARN_64_TO_32_BIT_CONVERSION = YES;
				GCC_WARN_ABOUT_RETURN_TYPE = YES_ERROR;
				GCC_WARN_UNDECLARED_SELECTOR = YES;
				GCC_WARN_UNINITIALIZED_AUTOS = YES_AGGRESSIVE;
				GCC_WARN_UNUSED_FUNCTION = YES;
				GCC_WARN_UNUSED_VARIABLE = YES;
				IPHONEOS_DEPLOYMENT_TARGET = 12.2;
				MTL_ENABLE_DEBUG_INFO = NO;
				MTL_FAST_MATH = YES;
				SDKROOT = iphoneos;
				SWIFT_COMPILATION_MODE = wholemodule;
				SWIFT_OPTIMIZATION_LEVEL = "-O";
				VALIDATE_PRODUCT = YES;
			};
			name = Release;
		};
		18E79D1F22F1D7B800B09181 /* Debug */ = {
			isa = XCBuildConfiguration;
			buildSettings = {
				ASSETCATALOG_COMPILER_APPICON_NAME = AppIcon;
				CODE_SIGN_STYLE = Automatic;
				INFOPLIST_FILE = Strings/Info.plist;
				LD_RUNPATH_SEARCH_PATHS = (
					"$(inherited)",
					"@executable_path/Frameworks",
				);
				PRODUCT_BUNDLE_IDENTIFIER = com.practice.Strings;
				PRODUCT_NAME = "$(TARGET_NAME)";
				SWIFT_VERSION = 5.0;
				TARGETED_DEVICE_FAMILY = "1,2";
			};
			name = Debug;
		};
		18E79D2022F1D7B800B09181 /* Release */ = {
			isa = XCBuildConfiguration;
			buildSettings = {
				ASSETCATALOG_COMPILER_APPICON_NAME = AppIcon;
				CODE_SIGN_STYLE = Automatic;
				INFOPLIST_FILE = Strings/Info.plist;
				LD_RUNPATH_SEARCH_PATHS = (
					"$(inherited)",
					"@executable_path/Frameworks",
				);
				PRODUCT_BUNDLE_IDENTIFIER = com.practice.Strings;
				PRODUCT_NAME = "$(TARGET_NAME)";
				SWIFT_VERSION = 5.0;
				TARGETED_DEVICE_FAMILY = "1,2";
			};
			name = Release;
		};
/* End XCBuildConfiguration section */

/* Begin XCConfigurationList section */
		18E79D0422F1D7B600B09181 /* Build configuration list for PBXProject "Strings" */ = {
			isa = XCConfigurationList;
			buildConfigurations = (
				18E79D1C22F1D7B800B09181 /* Debug */,
				18E79D1D22F1D7B800B09181 /* Release */,
			);
			defaultConfigurationIsVisible = 0;
			defaultConfigurationName = Release;
		};
		18E79D1E22F1D7B800B09181 /* Build configuration list for PBXNativeTarget "Strings" */ = {
			isa = XCConfigurationList;
			buildConfigurations = (
				18E79D1F22F1D7B800B09181 /* Debug */,
				18E79D2022F1D7B800B09181 /* Release */,
			);
			defaultConfigurationIsVisible = 0;
			defaultConfigurationName = Release;
		};
/* End XCConfigurationList section */

/* Begin XCVersionGroup section */
		18E79D1322F1D7B600B09181 /* Strings.xcdatamodeld */ = {
			isa = XCVersionGroup;
			children = (
				18E79D1422F1D7B600B09181 /* Strings.xcdatamodel */,
			);
			currentVersion = 18E79D1422F1D7B600B09181 /* Strings.xcdatamodel */;
			path = Strings.xcdatamodeld;
			sourceTree = "<group>";
			versionGroupType = wrapper.xcdatamodel;
		};
/* End XCVersionGroup section */
	};
	rootObject = 18E79D0122F1D7B600B09181 /* Project object */;
}
